{
  "name": "thinknet-examples",
  "version": "1.0.0",
  "lockfileVersion": 1,
  "requires": true,
  "dependencies": {
    "debug": {
      "version": "3.1.0",
      "resolved": "http://registry.npm.taobao.org/debug/download/debug-3.1.0.tgz",
      "integrity": "sha1-W7WgZyYotkFJVmuhaBnmFRjGcmE=",
      "requires": {
        "ms": "2.0.0"
      }
    },
    "esoop": {
      "version": "1.0.0",
      "resolved": "http://registry.npm.taobao.org/esoop/download/esoop-1.0.0.tgz",
      "integrity": "sha1-2b6wLe6hdU/t1PofKiZmToPWBZs=",
      "requires": {
        "lodash": "4.17.4"
      }
    },
    "lodash": {
      "version": "4.17.4",
      "resolved": "http://registry.npm.taobao.org/lodash/download/lodash-4.17.4.tgz",
      "integrity": "sha1-eCA6TRwyiuHYbcpkYONptX9AVa4="
    },
    "ms": {
      "version": "2.0.0",
      "resolved": "http://registry.npm.taobao.org/ms/download/ms-2.0.0.tgz",
      "integrity": "sha1-VgiurfwAvmwpAd9fmGF4jeDVl8g="
    },
    "thinknet": {
      "version": "0.0.5",
      "resolved": "http://registry.npm.taobao.org/thinknet/download/thinknet-0.0.5.tgz",
      "integrity": "sha1-BbvSZEAZaGlKN8UspmHqQygqcws=",
      "requires": {
        "debug": "3.1.0",
        "esoop": "1.0.0"
      }
    },
    "thinknet-protocol-json-simple": {
      "version": "1.0.0-alpha.4",
      "resolved": "http://registry.npm.taobao.org/thinknet-protocol-json-simple/download/thinknet-protocol-json-simple-1.0.0-alpha.4.tgz",
      "integrity": "sha1-FHP+6dk/P1hPwVTPM1d1CoZ8Ghg=",
      "requires": {
        "debug": "3.1.0",
        "thinknet": "0.0.3"
      },
      "dependencies": {
        "thinknet": {
          "version": "0.0.3",
          "resolved": "http://registry.npm.taobao.org/thinknet/download/thinknet-0.0.3.tgz",
          "integrity": "sha1-OW/RNer1XoB+PnPj/50cnzOGqMc=",
          "requires": {
            "debug": "3.1.0",
            "esoop": "1.0.0"
          }
        }
      }
    },
    "thinknet-router-simple": {
      "version": "1.0.0-alpha.5",
      "resolved": "http://registry.npm.taobao.org/thinknet-router-simple/download/thinknet-router-simple-1.0.0-alpha.5.tgz",
      "integrity": "sha1-c3wuZ8LqHPesn3csyB9IAZLMPDM=",
      "requires": {
        "debug": "3.1.0",
        "thinknet": "0.0.3"
      },
      "dependencies": {
        "thinknet": {
          "version": "0.0.3",
          "resolved": "http://registry.npm.taobao.org/thinknet/download/thinknet-0.0.3.tgz",
          "integrity": "sha1-OW/RNer1XoB+PnPj/50cnzOGqMc=",
          "requires": {
            "debug": "3.1.0",
            "esoop": "1.0.0"
          }
        }
      }
    }
  }
}
